
Microsoft Visual Studio Solution File, Format Version 11.00
# Visual Studio 2010
Project("{FAE04EC0-301F-11D3-BF4B-00C04F79EFBC}") = "Assembly-CSharp", "Assembly-CSharp.csproj", "{81DD9C9C-724E-3695-09AF-DD6F99950E0B}"
EndProject
Project("{FAE04EC0-301F-11D3-BF4B-00C04F79EFBC}") = "Assembly-CSharp-Editor", "Assembly-CSharp-Editor.csproj", "{2D5E9C27-7E51-BD2A-A29E-8DE6AC69242B}"
EndProject
Project("{FAE04EC0-301F-11D3-BF4B-00C04F79EFBC}") = "Assembly-CSharp-Editor-firstpass", "Assembly-CSharp-Editor-firstpass.csproj", "{6B43A3A7-D526-0B2A-42CF-0F40C3780E63}"
EndProject
Global
	GlobalSection(SolutionConfigurationPlatforms) = preSolution
		Debug|Any CPU = Debug|Any CPU
		Release|Any CPU = Release|Any CPU
	EndGlobalSection
	GlobalSection(ProjectConfigurationPlatforms) = postSolution
		{81DD9C9C-724E-3695-09AF-DD6F99950E0B}.Debug|Any CPU.ActiveCfg = Debug|Any CPU
		{81DD9C9C-724E-3695-09AF-DD6F99950E0B}.Debug|Any CPU.Build.0 = Debug|Any CPU
		{81DD9C9C-724E-3695-09AF-DD6F99950E0B}.Release|Any CPU.ActiveCfg = Release|Any CPU
		{81DD9C9C-724E-3695-09AF-DD6F99950E0B}.Release|Any CPU.Build.0 = Release|Any CPU
		{2D5E9C27-7E51-BD2A-A29E-8DE6AC69242B}.Debug|Any CPU.ActiveCfg = Debug|Any CPU
		{2D5E9C27-7E51-BD2A-A29E-8DE6AC69242B}.Debug|Any CPU.Build.0 = Debug|Any CPU
		{2D5E9C27-7E51-BD2A-A29E-8DE6AC69242B}.Release|Any CPU.ActiveCfg = Release|Any CPU
		{2D5E9C27-7E51-BD2A-A29E-8DE6AC69242B}.Release|Any CPU.Build.0 = Release|Any CPU
		{6B43A3A7-D526-0B2A-42CF-0F40C3780E63}.Debug|Any CPU.ActiveCfg = Debug|Any CPU
		{6B43A3A7-D526-0B2A-42CF-0F40C3780E63}.Debug|Any CPU.Build.0 = Debug|Any CPU
		{6B43A3A7-D526-0B2A-42CF-0F40C3780E63}.Release|Any CPU.ActiveCfg = Release|Any CPU
		{6B43A3A7-D526-0B2A-42CF-0F40C3780E63}.Release|Any CPU.Build.0 = Release|Any CPU
	EndGlobalSection
	GlobalSection(SolutionProperties) = preSolution
		HideSolutionNode = FALSE
	EndGlobalSection
EndGlobal
